
Microsoft Visual Studio Solution File, Format Version 12.00
# Visual Studio Version 16
VisualStudioVersion = 16.0.31105.61
MinimumVisualStudioVersion = 10.0.40219.1
Project("{FAE04EC0-301F-11D3-BF4B-00C04F79EFBC}") = "HerancaExFixacao5", "HerancaExFixacao5\HerancaExFixacao5.csproj", "{B07E6AC6-716A-462A-8ADA-BE2B32D8D98E}"
EndProject
Global
	GlobalSection(SolutionConfigurationPlatforms) = preSolution
		Debug|Any CPU = Debug|Any CPU
		Release|Any CPU = Release|Any CPU
	EndGlobalSection
	GlobalSection(ProjectConfigurationPlatforms) = postSolution
		{B07E6AC6-716A-462A-8ADA-BE2B32D8D98E}.Debug|Any CPU.ActiveCfg = Debug|Any CPU
		{B07E6AC6-716A-462A-8ADA-BE2B32D8D98E}.Debug|Any CPU.Build.0 = Debug|Any CPU
		{B07E6AC6-716A-462A-8ADA-BE2B32D8D98E}.Release|Any CPU.ActiveCfg = Release|Any CPU
		{B07E6AC6-716A-462A-8ADA-BE2B32D8D98E}.Release|Any CPU.Build.0 = Release|Any CPU
	EndGlobalSection
	GlobalSection(SolutionProperties) = preSolution
		HideSolutionNode = FALSE
	EndGlobalSection
	GlobalSection(ExtensibilityGlobals) = postSolution
		SolutionGuid = {DA7E2C14-29E7-4A1A-A206-04B39A3A7B19}
	EndGlobalSection
EndGlobal
