
Microsoft Visual Studio Solution File, Format Version 12.00
# Visual Studio Version 16
VisualStudioVersion = 16.0.31019.35
MinimumVisualStudioVersion = 10.0.40219.1
Project("{FAE04EC0-301F-11D3-BF4B-00C04F79EFBC}") = "TrabalhadorContrato", "TrabalhadorContrato\TrabalhadorContrato.csproj", "{A631F792-295A-4FA9-AD06-8BE0F40E5A2C}"
EndProject
Global
	GlobalSection(SolutionConfigurationPlatforms) = preSolution
		Debug|Any CPU = Debug|Any CPU
		Release|Any CPU = Release|Any CPU
	EndGlobalSection
	GlobalSection(ProjectConfigurationPlatforms) = postSolution
		{A631F792-295A-4FA9-AD06-8BE0F40E5A2C}.Debug|Any CPU.ActiveCfg = Debug|Any CPU
		{A631F792-295A-4FA9-AD06-8BE0F40E5A2C}.Debug|Any CPU.Build.0 = Debug|Any CPU
		{A631F792-295A-4FA9-AD06-8BE0F40E5A2C}.Release|Any CPU.ActiveCfg = Release|Any CPU
		{A631F792-295A-4FA9-AD06-8BE0F40E5A2C}.Release|Any CPU.Build.0 = Release|Any CPU
	EndGlobalSection
	GlobalSection(SolutionProperties) = preSolution
		HideSolutionNode = FALSE
	EndGlobalSection
	GlobalSection(ExtensibilityGlobals) = postSolution
		SolutionGuid = {04AC6693-CAB6-4C89-BAE0-0CFD900D7A2A}
	EndGlobalSection
EndGlobal
